
Microsoft Visual Studio Solution File, Format Version 12.00
# Visual Studio Version 17
VisualStudioVersion = 17.12.35527.113 d17.12
MinimumVisualStudioVersion = 10.0.40219.1
Project("{FAE04EC0-301F-11D3-BF4B-00C04F79EFBC}") = "CarService.Host", "CarService.Host\CarService.Host.csproj", "{7F97AAAF-ED77-4CEA-AA73-01F12A4BA822}"
EndProject
Project("{FAE04EC0-301F-11D3-BF4B-00C04F79EFBC}") = "CarService.BL", "CarService.BL\CarService.BL.csproj", "{B6ED0335-F4FC-4DE7-8A99-5C42CEEF930B}"
EndProject
Project("{FAE04EC0-301F-11D3-BF4B-00C04F79EFBC}") = "CarService.DL", "CarService.DL\CarService.DL.csproj", "{664FC515-7637-45FB-AA8D-6A5AD45AAE46}"
EndProject
Project("{FAE04EC0-301F-11D3-BF4B-00C04F79EFBC}") = "CarService.Models", "CarService.Models\CarService.Models.csproj", "{F3377BF3-02D5-4813-B148-C3DBF8ACC96E}"
EndProject
Global
	GlobalSection(SolutionConfigurationPlatforms) = preSolution
		Debug|Any CPU = Debug|Any CPU
		Release|Any CPU = Release|Any CPU
	EndGlobalSection
	GlobalSection(ProjectConfigurationPlatforms) = postSolution
		{7F97AAAF-ED77-4CEA-AA73-01F12A4BA822}.Debug|Any CPU.ActiveCfg = Debug|Any CPU
		{7F97AAAF-ED77-4CEA-AA73-01F12A4BA822}.Debug|Any CPU.Build.0 = Debug|Any CPU
		{7F97AAAF-ED77-4CEA-AA73-01F12A4BA822}.Release|Any CPU.ActiveCfg = Release|Any CPU
		{7F97AAAF-ED77-4CEA-AA73-01F12A4BA822}.Release|Any CPU.Build.0 = Release|Any CPU
		{B6ED0335-F4FC-4DE7-8A99-5C42CEEF930B}.Debug|Any CPU.ActiveCfg = Debug|Any CPU
		{B6ED0335-F4FC-4DE7-8A99-5C42CEEF930B}.Debug|Any CPU.Build.0 = Debug|Any CPU
		{B6ED0335-F4FC-4DE7-8A99-5C42CEEF930B}.Release|Any CPU.ActiveCfg = Release|Any CPU
		{B6ED0335-F4FC-4DE7-8A99-5C42CEEF930B}.Release|Any CPU.Build.0 = Release|Any CPU
		{664FC515-7637-45FB-AA8D-6A5AD45AAE46}.Debug|Any CPU.ActiveCfg = Debug|Any CPU
		{664FC515-7637-45FB-AA8D-6A5AD45AAE46}.Debug|Any CPU.Build.0 = Debug|Any CPU
		{664FC515-7637-45FB-AA8D-6A5AD45AAE46}.Release|Any CPU.ActiveCfg = Release|Any CPU
		{664FC515-7637-45FB-AA8D-6A5AD45AAE46}.Release|Any CPU.Build.0 = Release|Any CPU
		{F3377BF3-02D5-4813-B148-C3DBF8ACC96E}.Debug|Any CPU.ActiveCfg = Debug|Any CPU
		{F3377BF3-02D5-4813-B148-C3DBF8ACC96E}.Debug|Any CPU.Build.0 = Debug|Any CPU
		{F3377BF3-02D5-4813-B148-C3DBF8ACC96E}.Release|Any CPU.ActiveCfg = Release|Any CPU
		{F3377BF3-02D5-4813-B148-C3DBF8ACC96E}.Release|Any CPU.Build.0 = Release|Any CPU
	EndGlobalSection
	GlobalSection(SolutionProperties) = preSolution
		HideSolutionNode = FALSE
	EndGlobalSection
EndGlobal
